
Microsoft Visual Studio Solution File, Format Version 12.00
# Visual Studio 15
Project("{FAE04EC0-301F-11D3-BF4B-00C04F79EFBC}") = "Assembly-CSharp", "Assembly-CSharp.csproj", "{03B6F756-F249-77D9-B001-13225DA64767}"
EndProject
Project("{FAE04EC0-301F-11D3-BF4B-00C04F79EFBC}") = "Assembly-CSharp-Editor", "Assembly-CSharp-Editor.csproj", "{A291FD0A-5168-97AB-4B58-4CB7A3236E30}"
EndProject
Global
	GlobalSection(SolutionConfigurationPlatforms) = preSolution
		Debug|Any CPU = Debug|Any CPU
		Release|Any CPU = Release|Any CPU
	EndGlobalSection
	GlobalSection(ProjectConfigurationPlatforms) = postSolution
		{03B6F756-F249-77D9-B001-13225DA64767}.Debug|Any CPU.ActiveCfg = Debug|Any CPU
		{03B6F756-F249-77D9-B001-13225DA64767}.Debug|Any CPU.Build.0 = Debug|Any CPU
		{03B6F756-F249-77D9-B001-13225DA64767}.Release|Any CPU.ActiveCfg = Release|Any CPU
		{03B6F756-F249-77D9-B001-13225DA64767}.Release|Any CPU.Build.0 = Release|Any CPU
		{A291FD0A-5168-97AB-4B58-4CB7A3236E30}.Debug|Any CPU.ActiveCfg = Debug|Any CPU
		{A291FD0A-5168-97AB-4B58-4CB7A3236E30}.Debug|Any CPU.Build.0 = Debug|Any CPU
		{A291FD0A-5168-97AB-4B58-4CB7A3236E30}.Release|Any CPU.ActiveCfg = Release|Any CPU
		{A291FD0A-5168-97AB-4B58-4CB7A3236E30}.Release|Any CPU.Build.0 = Release|Any CPU
	EndGlobalSection
	GlobalSection(SolutionProperties) = preSolution
		HideSolutionNode = FALSE
	EndGlobalSection
EndGlobal
